{
    "_meta": {
        "hash": {
            "sha256": "be43225d7d56471fd9b60269c82252cc19448eb3578abebecdcd914e2213171e"
        },
        "pipfile-spec": 6,
        "requires": {
            "python_version": "3.14"
        },
        "sources": [
            {
                "name": "pypi",
                "url": "https://pypi.org/simple",
                "verify_ssl": true
            }
        ]
    },
    "default": {},
    "develop": {}
}
